
Microsoft Visual Studio Solution File, Format Version 12.00
# Visual Studio 15
VisualStudioVersion = 15.0.27703.2042
MinimumVisualStudioVersion = 10.0.40219.1
Project("{FAE04EC0-301F-11D3-BF4B-00C04F79EFBC}") = "Monify", "Monify\Monify.csproj", "{969C54B3-2A12-4F44-9A55-FA3AADB04ACF}"
EndProject
Global
	GlobalSection(SolutionConfigurationPlatforms) = preSolution
		Debug|Any CPU = Debug|Any CPU
		Release|Any CPU = Release|Any CPU
	EndGlobalSection
	GlobalSection(ProjectConfigurationPlatforms) = postSolution
		{969C54B3-2A12-4F44-9A55-FA3AADB04ACF}.Debug|Any CPU.ActiveCfg = Debug|Any CPU
		{969C54B3-2A12-4F44-9A55-FA3AADB04ACF}.Debug|Any CPU.Build.0 = Debug|Any CPU
		{969C54B3-2A12-4F44-9A55-FA3AADB04ACF}.Release|Any CPU.ActiveCfg = Release|Any CPU
		{969C54B3-2A12-4F44-9A55-FA3AADB04ACF}.Release|Any CPU.Build.0 = Release|Any CPU
	EndGlobalSection
	GlobalSection(SolutionProperties) = preSolution
		HideSolutionNode = FALSE
	EndGlobalSection
	GlobalSection(ExtensibilityGlobals) = postSolution
		SolutionGuid = {FB41C48D-2D7E-4B6A-8123-8CA0C3A930DF}
	EndGlobalSection
EndGlobal
